
Microsoft Visual Studio Solution File, Format Version 12.00
# Visual Studio Version 16
VisualStudioVersion = 16.0.30804.86
MinimumVisualStudioVersion = 10.0.40219.1
Project("{9A19103F-16F7-4668-BE54-9A1E7A4F7556}") = "FileServer", "FileServer.csproj", "{9E57C371-9DE9-4019-93B4-591E93311979}"
EndProject
Global
	GlobalSection(SolutionConfigurationPlatforms) = preSolution
		Debug|Any CPU = Debug|Any CPU
		Release|Any CPU = Release|Any CPU
	EndGlobalSection
	GlobalSection(ProjectConfigurationPlatforms) = postSolution
		{9E57C371-9DE9-4019-93B4-591E93311979}.Debug|Any CPU.ActiveCfg = Debug|Any CPU
		{9E57C371-9DE9-4019-93B4-591E93311979}.Debug|Any CPU.Build.0 = Debug|Any CPU
		{9E57C371-9DE9-4019-93B4-591E93311979}.Release|Any CPU.ActiveCfg = Release|Any CPU
		{9E57C371-9DE9-4019-93B4-591E93311979}.Release|Any CPU.Build.0 = Release|Any CPU
	EndGlobalSection
	GlobalSection(SolutionProperties) = preSolution
		HideSolutionNode = FALSE
	EndGlobalSection
	GlobalSection(ExtensibilityGlobals) = postSolution
		SolutionGuid = {103B10EC-F9D0-4EDE-AB06-EA29440D9911}
	EndGlobalSection
EndGlobal
